
Microsoft Visual Studio Solution File, Format Version 12.00
# Visual Studio Version 16
VisualStudioVersion = 16.0.29509.3
MinimumVisualStudioVersion = 10.0.40219.1
Project("{FAE04EC0-301F-11D3-BF4B-00C04F79EFBC}") = "XamMVVMHelloWorld.UWP", "XamMVVMHelloWorld\XamMVVMHelloWorld.UWP\XamMVVMHelloWorld.UWP.csproj", "{92A6069F-A276-4AC7-A76E-B82DD961B900}"
EndProject
Project("{FAE04EC0-301F-11D3-BF4B-00C04F79EFBC}") = "XamMVVMHelloWorld.Android", "XamMVVMHelloWorld\XamMVVMHelloWorld.Android\XamMVVMHelloWorld.Android.csproj", "{93DDA171-85BE-4ED4-9CA9-18201A752D56}"
EndProject
Project("{FAE04EC0-301F-11D3-BF4B-00C04F79EFBC}") = "XamMVVMHelloWorld.iOS", "XamMVVMHelloWorld\XamMVVMHelloWorld.iOS\XamMVVMHelloWorld.iOS.csproj", "{56E5E558-6C5A-4D94-9CB5-05F6030ABF5D}"
EndProject
Project("{FAE04EC0-301F-11D3-BF4B-00C04F79EFBC}") = "XamMVVMHelloWorld", "XamMVVMHelloWorld\XamMVVMHelloWorld\XamMVVMHelloWorld.csproj", "{0313832E-6054-4051-BE2C-1A81323204DC}"
EndProject
Project("{FAE04EC0-301F-11D3-BF4B-00C04F79EFBC}") = "XamMVVMHelloWorld.Navigation", "XamMVVMHelloWorld.Navigation\XamMVVMHelloWorld.Navigation.csproj", "{E1478441-0A19-4FB3-AB96-5C1B10883FFC}"
EndProject
Global
	GlobalSection(SolutionConfigurationPlatforms) = preSolution
		Debug|Any CPU = Debug|Any CPU
		Debug|ARM = Debug|ARM
		Debug|iPhone = Debug|iPhone
		Debug|iPhoneSimulator = Debug|iPhoneSimulator
		Debug|x64 = Debug|x64
		Debug|x86 = Debug|x86
		Release|Any CPU = Release|Any CPU
		Release|ARM = Release|ARM
		Release|iPhone = Release|iPhone
		Release|iPhoneSimulator = Release|iPhoneSimulator
		Release|x64 = Release|x64
		Release|x86 = Release|x86
	EndGlobalSection
	GlobalSection(ProjectConfigurationPlatforms) = postSolution
		{92A6069F-A276-4AC7-A76E-B82DD961B900}.Debug|Any CPU.ActiveCfg = Debug|x86
		{92A6069F-A276-4AC7-A76E-B82DD961B900}.Debug|Any CPU.Build.0 = Debug|x86
		{92A6069F-A276-4AC7-A76E-B82DD961B900}.Debug|Any CPU.Deploy.0 = Debug|x86
		{92A6069F-A276-4AC7-A76E-B82DD961B900}.Debug|ARM.ActiveCfg = Debug|ARM
		{92A6069F-A276-4AC7-A76E-B82DD961B900}.Debug|ARM.Build.0 = Debug|ARM
		{92A6069F-A276-4AC7-A76E-B82DD961B900}.Debug|ARM.Deploy.0 = Debug|ARM
		{92A6069F-A276-4AC7-A76E-B82DD961B900}.Debug|iPhone.ActiveCfg = Debug|x86
		{92A6069F-A276-4AC7-A76E-B82DD961B900}.Debug|iPhone.Build.0 = Debug|x86
		{92A6069F-A276-4AC7-A76E-B82DD961B900}.Debug|iPhone.Deploy.0 = Debug|x86
		{92A6069F-A276-4AC7-A76E-B82DD961B900}.Debug|iPhoneSimulator.ActiveCfg = Debug|x86
		{92A6069F-A276-4AC7-A76E-B82DD961B900}.Debug|iPhoneSimulator.Build.0 = Debug|x86
		{92A6069F-A276-4AC7-A76E-B82DD961B900}.Debug|iPhoneSimulator.Deploy.0 = Debug|x86
		{92A6069F-A276-4AC7-A76E-B82DD961B900}.Debug|x64.ActiveCfg = Debug|x64
		{92A6069F-A276-4AC7-A76E-B82DD961B900}.Debug|x64.Build.0 = Debug|x64
		{92A6069F-A276-4AC7-A76E-B82DD961B900}.Debug|x64.Deploy.0 = Debug|x64
		{92A6069F-A276-4AC7-A76E-B82DD961B900}.Debug|x86.ActiveCfg = Debug|x86
		{92A6069F-A276-4AC7-A76E-B82DD961B900}.Debug|x86.Build.0 = Debug|x86
		{92A6069F-A276-4AC7-A76E-B82DD961B900}.Debug|x86.Deploy.0 = Debug|x86
		{92A6069F-A276-4AC7-A76E-B82DD961B900}.Release|Any CPU.ActiveCfg = Release|x86
		{92A6069F-A276-4AC7-A76E-B82DD961B900}.Release|Any CPU.Build.0 = Release|x86
		{92A6069F-A276-4AC7-A76E-B82DD961B900}.Release|Any CPU.Deploy.0 = Release|x86
		{92A6069F-A276-4AC7-A76E-B82DD961B900}.Release|ARM.ActiveCfg = Release|ARM
		{92A6069F-A276-4AC7-A76E-B82DD961B900}.Release|ARM.Build.0 = Release|ARM
		{92A6069F-A276-4AC7-A76E-B82DD961B900}.Release|ARM.Deploy.0 = Release|ARM
		{92A6069F-A276-4AC7-A76E-B82DD961B900}.Release|iPhone.ActiveCfg = Release|x86
		{92A6069F-A276-4AC7-A76E-B82DD961B900}.Release|iPhone.Build.0 = Release|x86
		{92A6069F-A276-4AC7-A76E-B82DD961B900}.Release|iPhone.Deploy.0 = Release|x86
		{92A6069F-A276-4AC7-A76E-B82DD961B900}.Release|iPhoneSimulator.ActiveCfg = Release|x86
		{92A6069F-A276-4AC7-A76E-B82DD961B900}.Release|iPhoneSimulator.Build.0 = Release|x86
		{92A6069F-A276-4AC7-A76E-B82DD961B900}.Release|iPhoneSimulator.Deploy.0 = Release|x86
		{92A6069F-A276-4AC7-A76E-B82DD961B900}.Release|x64.ActiveCfg = Release|x64
		{92A6069F-A276-4AC7-A76E-B82DD961B900}.Release|x64.Build.0 = Release|x64
		{92A6069F-A276-4AC7-A76E-B82DD961B900}.Release|x64.Deploy.0 = Release|x64
		{92A6069F-A276-4AC7-A76E-B82DD961B900}.Release|x86.ActiveCfg = Release|x86
		{92A6069F-A276-4AC7-A76E-B82DD961B900}.Release|x86.Build.0 = Release|x86
		{92A6069F-A276-4AC7-A76E-B82DD961B900}.Release|x86.Deploy.0 = Release|x86
		{93DDA171-85BE-4ED4-9CA9-18201A752D56}.Debug|Any CPU.ActiveCfg = Debug|Any CPU
		{93DDA171-85BE-4ED4-9CA9-18201A752D56}.Debug|Any CPU.Build.0 = Debug|Any CPU
		{93DDA171-85BE-4ED4-9CA9-18201A752D56}.Debug|Any CPU.Deploy.0 = Debug|Any CPU
		{93DDA171-85BE-4ED4-9CA9-18201A752D56}.Debug|ARM.ActiveCfg = Debug|Any CPU
		{93DDA171-85BE-4ED4-9CA9-18201A752D56}.Debug|ARM.Build.0 = Debug|Any CPU
		{93DDA171-85BE-4ED4-9CA9-18201A752D56}.Debug|ARM.Deploy.0 = Debug|Any CPU
		{93DDA171-85BE-4ED4-9CA9-18201A752D56}.Debug|iPhone.ActiveCfg = Debug|Any CPU
		{93DDA171-85BE-4ED4-9CA9-18201A752D56}.Debug|iPhone.Build.0 = Debug|Any CPU
		{93DDA171-85BE-4ED4-9CA9-18201A752D56}.Debug|iPhone.Deploy.0 = Debug|Any CPU
		{93DDA171-85BE-4ED4-9CA9-18201A752D56}.Debug|iPhoneSimulator.ActiveCfg = Debug|Any CPU
		{93DDA171-85BE-4ED4-9CA9-18201A752D56}.Debug|iPhoneSimulator.Build.0 = Debug|Any CPU
		{93DDA171-85BE-4ED4-9CA9-18201A752D56}.Debug|iPhoneSimulator.Deploy.0 = Debug|Any CPU
		{93DDA171-85BE-4ED4-9CA9-18201A752D56}.Debug|x64.ActiveCfg = Debug|Any CPU
		{93DDA171-85BE-4ED4-9CA9-18201A752D56}.Debug|x64.Build.0 = Debug|Any CPU
		{93DDA171-85BE-4ED4-9CA9-18201A752D56}.Debug|x64.Deploy.0 = Debug|Any CPU
		{93DDA171-85BE-4ED4-9CA9-18201A752D56}.Debug|x86.ActiveCfg = Debug|Any CPU
		{93DDA171-85BE-4ED4-9CA9-18201A752D56}.Debug|x86.Build.0 = Debug|Any CPU
		{93DDA171-85BE-4ED4-9CA9-18201A752D56}.Debug|x86.Deploy.0 = Debug|Any CPU
		{93DDA171-85BE-4ED4-9CA9-18201A752D56}.Release|Any CPU.ActiveCfg = Release|Any CPU
		{93DDA171-85BE-4ED4-9CA9-18201A752D56}.Release|Any CPU.Build.0 = Release|Any CPU
		{93DDA171-85BE-4ED4-9CA9-18201A752D56}.Release|Any CPU.Deploy.0 = Release|Any CPU
		{93DDA171-85BE-4ED4-9CA9-18201A752D56}.Release|ARM.ActiveCfg = Release|Any CPU
		{93DDA171-85BE-4ED4-9CA9-18201A752D56}.Release|ARM.Build.0 = Release|Any CPU
		{93DDA171-85BE-4ED4-9CA9-18201A752D56}.Release|ARM.Deploy.0 = Release|Any CPU
		{93DDA171-85BE-4ED4-9CA9-18201A752D56}.Release|iPhone.ActiveCfg = Release|Any CPU
		{93DDA171-85BE-4ED4-9CA9-18201A752D56}.Release|iPhone.Build.0 = Release|Any CPU
		{93DDA171-85BE-4ED4-9CA9-18201A752D56}.Release|iPhone.Deploy.0 = Release|Any CPU
		{93DDA171-85BE-4ED4-9CA9-18201A752D56}.Release|iPhoneSimulator.ActiveCfg = Release|Any CPU
		{93DDA171-85BE-4ED4-9CA9-18201A752D56}.Release|iPhoneSimulator.Build.0 = Release|Any CPU
		{93DDA171-85BE-4ED4-9CA9-18201A752D56}.Release|iPhoneSimulator.Deploy.0 = Release|Any CPU
		{93DDA171-85BE-4ED4-9CA9-18201A752D56}.Release|x64.ActiveCfg = Release|Any CPU
		{93DDA171-85BE-4ED4-9CA9-18201A752D56}.Release|x64.Build.0 = Release|Any CPU
		{93DDA171-85BE-4ED4-9CA9-18201A752D56}.Release|x64.Deploy.0 = Release|Any CPU
		{93DDA171-85BE-4ED4-9CA9-18201A752D56}.Release|x86.ActiveCfg = Release|Any CPU
		{93DDA171-85BE-4ED4-9CA9-18201A752D56}.Release|x86.Build.0 = Release|Any CPU
		{93DDA171-85BE-4ED4-9CA9-18201A752D56}.Release|x86.Deploy.0 = Release|Any CPU
		{56E5E558-6C5A-4D94-9CB5-05F6030ABF5D}.Debug|Any CPU.ActiveCfg = Debug|iPhone
		{56E5E558-6C5A-4D94-9CB5-05F6030ABF5D}.Debug|Any CPU.Build.0 = Debug|iPhone
		{56E5E558-6C5A-4D94-9CB5-05F6030ABF5D}.Debug|Any CPU.Deploy.0 = Debug|iPhone
		{56E5E558-6C5A-4D94-9CB5-05F6030ABF5D}.Debug|ARM.ActiveCfg = Debug|iPhoneSimulator
		{56E5E558-6C5A-4D94-9CB5-05F6030ABF5D}.Debug|ARM.Build.0 = Debug|iPhoneSimulator
		{56E5E558-6C5A-4D94-9CB5-05F6030ABF5D}.Debug|ARM.Deploy.0 = Debug|iPhoneSimulator
		{56E5E558-6C5A-4D94-9CB5-05F6030ABF5D}.Debug|iPhone.ActiveCfg = Debug|iPhone
		{56E5E558-6C5A-4D94-9CB5-05F6030ABF5D}.Debug|iPhone.Build.0 = Debug|iPhone
		{56E5E558-6C5A-4D94-9CB5-05F6030ABF5D}.Debug|iPhone.Deploy.0 = Debug|iPhone
		{56E5E558-6C5A-4D94-9CB5-05F6030ABF5D}.Debug|iPhoneSimulator.ActiveCfg = Debug|iPhoneSimulator
		{56E5E558-6C5A-4D94-9CB5-05F6030ABF5D}.Debug|iPhoneSimulator.Build.0 = Debug|iPhoneSimulator
		{56E5E558-6C5A-4D94-9CB5-05F6030ABF5D}.Debug|iPhoneSimulator.Deploy.0 = Debug|iPhoneSimulator
		{56E5E558-6C5A-4D94-9CB5-05F6030ABF5D}.Debug|x64.ActiveCfg = Debug|iPhone
		{56E5E558-6C5A-4D94-9CB5-05F6030ABF5D}.Debug|x64.Build.0 = Debug|iPhone
		{56E5E558-6C5A-4D94-9CB5-05F6030ABF5D}.Debug|x64.Deploy.0 = Debug|iPhone
		{56E5E558-6C5A-4D94-9CB5-05F6030ABF5D}.Debug|x86.ActiveCfg = Debug|iPhone
		{56E5E558-6C5A-4D94-9CB5-05F6030ABF5D}.Debug|x86.Build.0 = Debug|iPhone
		{56E5E558-6C5A-4D94-9CB5-05F6030ABF5D}.Debug|x86.Deploy.0 = Debug|iPhone
		{56E5E558-6C5A-4D94-9CB5-05F6030ABF5D}.Release|Any CPU.ActiveCfg = Release|iPhone
		{56E5E558-6C5A-4D94-9CB5-05F6030ABF5D}.Release|Any CPU.Build.0 = Release|iPhone
		{56E5E558-6C5A-4D94-9CB5-05F6030ABF5D}.Release|Any CPU.Deploy.0 = Release|iPhone
		{56E5E558-6C5A-4D94-9CB5-05F6030ABF5D}.Release|ARM.ActiveCfg = Release|iPhone
		{56E5E558-6C5A-4D94-9CB5-05F6030ABF5D}.Release|ARM.Build.0 = Release|iPhone
		{56E5E558-6C5A-4D94-9CB5-05F6030ABF5D}.Release|ARM.Deploy.0 = Release|iPhone
		{56E5E558-6C5A-4D94-9CB5-05F6030ABF5D}.Release|iPhone.ActiveCfg = Release|iPhone
		{56E5E558-6C5A-4D94-9CB5-05F6030ABF5D}.Release|iPhone.Build.0 = Release|iPhone
		{56E5E558-6C5A-4D94-9CB5-05F6030ABF5D}.Release|iPhone.Deploy.0 = Release|iPhone
		{56E5E558-6C5A-4D94-9CB5-05F6030ABF5D}.Release|iPhoneSimulator.ActiveCfg = Release|iPhoneSimulator
		{56E5E558-6C5A-4D94-9CB5-05F6030ABF5D}.Release|iPhoneSimulator.Build.0 = Release|iPhoneSimulator
		{56E5E558-6C5A-4D94-9CB5-05F6030ABF5D}.Release|iPhoneSimulator.Deploy.0 = Release|iPhoneSimulator
		{56E5E558-6C5A-4D94-9CB5-05F6030ABF5D}.Release|x64.ActiveCfg = Release|iPhone
		{56E5E558-6C5A-4D94-9CB5-05F6030ABF5D}.Release|x64.Build.0 = Release|iPhone
		{56E5E558-6C5A-4D94-9CB5-05F6030ABF5D}.Release|x64.Deploy.0 = Release|iPhone
		{56E5E558-6C5A-4D94-9CB5-05F6030ABF5D}.Release|x86.ActiveCfg = Release|iPhone
		{56E5E558-6C5A-4D94-9CB5-05F6030ABF5D}.Release|x86.Build.0 = Release|iPhone
		{56E5E558-6C5A-4D94-9CB5-05F6030ABF5D}.Release|x86.Deploy.0 = Release|iPhone
		{0313832E-6054-4051-BE2C-1A81323204DC}.Debug|Any CPU.ActiveCfg = Debug|Any CPU
		{0313832E-6054-4051-BE2C-1A81323204DC}.Debug|Any CPU.Build.0 = Debug|Any CPU
		{0313832E-6054-4051-BE2C-1A81323204DC}.Debug|Any CPU.Deploy.0 = Debug|Any CPU
		{0313832E-6054-4051-BE2C-1A81323204DC}.Debug|ARM.ActiveCfg = Debug|Any CPU
		{0313832E-6054-4051-BE2C-1A81323204DC}.Debug|ARM.Build.0 = Debug|Any CPU
		{0313832E-6054-4051-BE2C-1A81323204DC}.Debug|ARM.Deploy.0 = Debug|Any CPU
		{0313832E-6054-4051-BE2C-1A81323204DC}.Debug|iPhone.ActiveCfg = Debug|Any CPU
		{0313832E-6054-4051-BE2C-1A81323204DC}.Debug|iPhone.Build.0 = Debug|Any CPU
		{0313832E-6054-4051-BE2C-1A81323204DC}.Debug|iPhone.Deploy.0 = Debug|Any CPU
		{0313832E-6054-4051-BE2C-1A81323204DC}.Debug|iPhoneSimulator.ActiveCfg = Debug|Any CPU
		{0313832E-6054-4051-BE2C-1A81323204DC}.Debug|iPhoneSimulator.Build.0 = Debug|Any CPU
		{0313832E-6054-4051-BE2C-1A81323204DC}.Debug|iPhoneSimulator.Deploy.0 = Debug|Any CPU
		{0313832E-6054-4051-BE2C-1A81323204DC}.Debug|x64.ActiveCfg = Debug|Any CPU
		{0313832E-6054-4051-BE2C-1A81323204DC}.Debug|x64.Build.0 = Debug|Any CPU
		{0313832E-6054-4051-BE2C-1A81323204DC}.Debug|x64.Deploy.0 = Debug|Any CPU
		{0313832E-6054-4051-BE2C-1A81323204DC}.Debug|x86.ActiveCfg = Debug|Any CPU
		{0313832E-6054-4051-BE2C-1A81323204DC}.Debug|x86.Build.0 = Debug|Any CPU
		{0313832E-6054-4051-BE2C-1A81323204DC}.Debug|x86.Deploy.0 = Debug|Any CPU
		{0313832E-6054-4051-BE2C-1A81323204DC}.Release|Any CPU.ActiveCfg = Release|Any CPU
		{0313832E-6054-4051-BE2C-1A81323204DC}.Release|Any CPU.Build.0 = Release|Any CPU
		{0313832E-6054-4051-BE2C-1A81323204DC}.Release|Any CPU.Deploy.0 = Release|Any CPU
		{0313832E-6054-4051-BE2C-1A81323204DC}.Release|ARM.ActiveCfg = Release|Any CPU
		{0313832E-6054-4051-BE2C-1A81323204DC}.Release|ARM.Build.0 = Release|Any CPU
		{0313832E-6054-4051-BE2C-1A81323204DC}.Release|ARM.Deploy.0 = Release|Any CPU
		{0313832E-6054-4051-BE2C-1A81323204DC}.Release|iPhone.ActiveCfg = Release|Any CPU
		{0313832E-6054-4051-BE2C-1A81323204DC}.Release|iPhone.Build.0 = Release|Any CPU
		{0313832E-6054-4051-BE2C-1A81323204DC}.Release|iPhone.Deploy.0 = Release|Any CPU
		{0313832E-6054-4051-BE2C-1A81323204DC}.Release|iPhoneSimulator.ActiveCfg = Release|Any CPU
		{0313832E-6054-4051-BE2C-1A81323204DC}.Release|iPhoneSimulator.Build.0 = Release|Any CPU
		{0313832E-6054-4051-BE2C-1A81323204DC}.Release|iPhoneSimulator.Deploy.0 = Release|Any CPU
		{0313832E-6054-4051-BE2C-1A81323204DC}.Release|x64.ActiveCfg = Release|Any CPU
		{0313832E-6054-4051-BE2C-1A81323204DC}.Release|x64.Build.0 = Release|Any CPU
		{0313832E-6054-4051-BE2C-1A81323204DC}.Release|x64.Deploy.0 = Release|Any CPU
		{0313832E-6054-4051-BE2C-1A81323204DC}.Release|x86.ActiveCfg = Release|Any CPU
		{0313832E-6054-4051-BE2C-1A81323204DC}.Release|x86.Build.0 = Release|Any CPU
		{0313832E-6054-4051-BE2C-1A81323204DC}.Release|x86.Deploy.0 = Release|Any CPU
		{E1478441-0A19-4FB3-AB96-5C1B10883FFC}.Debug|Any CPU.ActiveCfg = Debug|Any CPU
		{E1478441-0A19-4FB3-AB96-5C1B10883FFC}.Debug|Any CPU.Build.0 = Debug|Any CPU
		{E1478441-0A19-4FB3-AB96-5C1B10883FFC}.Debug|ARM.ActiveCfg = Debug|Any CPU
		{E1478441-0A19-4FB3-AB96-5C1B10883FFC}.Debug|ARM.Build.0 = Debug|Any CPU
		{E1478441-0A19-4FB3-AB96-5C1B10883FFC}.Debug|iPhone.ActiveCfg = Debug|Any CPU
		{E1478441-0A19-4FB3-AB96-5C1B10883FFC}.Debug|iPhone.Build.0 = Debug|Any CPU
		{E1478441-0A19-4FB3-AB96-5C1B10883FFC}.Debug|iPhoneSimulator.ActiveCfg = Debug|Any CPU
		{E1478441-0A19-4FB3-AB96-5C1B10883FFC}.Debug|iPhoneSimulator.Build.0 = Debug|Any CPU
		{E1478441-0A19-4FB3-AB96-5C1B10883FFC}.Debug|x64.ActiveCfg = Debug|Any CPU
		{E1478441-0A19-4FB3-AB96-5C1B10883FFC}.Debug|x64.Build.0 = Debug|Any CPU
		{E1478441-0A19-4FB3-AB96-5C1B10883FFC}.Debug|x86.ActiveCfg = Debug|Any CPU
		{E1478441-0A19-4FB3-AB96-5C1B10883FFC}.Debug|x86.Build.0 = Debug|Any CPU
		{E1478441-0A19-4FB3-AB96-5C1B10883FFC}.Release|Any CPU.ActiveCfg = Release|Any CPU
		{E1478441-0A19-4FB3-AB96-5C1B10883FFC}.Release|Any CPU.Build.0 = Release|Any CPU
		{E1478441-0A19-4FB3-AB96-5C1B10883FFC}.Release|ARM.ActiveCfg = Release|Any CPU
		{E1478441-0A19-4FB3-AB96-5C1B10883FFC}.Release|ARM.Build.0 = Release|Any CPU
		{E1478441-0A19-4FB3-AB96-5C1B10883FFC}.Release|iPhone.ActiveCfg = Release|Any CPU
		{E1478441-0A19-4FB3-AB96-5C1B10883FFC}.Release|iPhone.Build.0 = Release|Any CPU
		{E1478441-0A19-4FB3-AB96-5C1B10883FFC}.Release|iPhoneSimulator.ActiveCfg = Release|Any CPU
		{E1478441-0A19-4FB3-AB96-5C1B10883FFC}.Release|iPhoneSimulator.Build.0 = Release|Any CPU
		{E1478441-0A19-4FB3-AB96-5C1B10883FFC}.Release|x64.ActiveCfg = Release|Any CPU
		{E1478441-0A19-4FB3-AB96-5C1B10883FFC}.Release|x64.Build.0 = Release|Any CPU
		{E1478441-0A19-4FB3-AB96-5C1B10883FFC}.Release|x86.ActiveCfg = Release|Any CPU
		{E1478441-0A19-4FB3-AB96-5C1B10883FFC}.Release|x86.Build.0 = Release|Any CPU
	EndGlobalSection
	GlobalSection(SolutionProperties) = preSolution
		HideSolutionNode = FALSE
	EndGlobalSection
	GlobalSection(ExtensibilityGlobals) = postSolution
		SolutionGuid = {583A5BD1-B035-4F7F-8FEC-0FF506E3EC29}
	EndGlobalSection
EndGlobal
